// !$*UTF8*$!
{
	archiveVersion = 1;
	classes = {
	};
	objectVersion = 56;
	objects = {

/* Begin PBXBuildFile section */
		BA3C4BCC2AC090E9002B7FD4 /* Feature.swift in Sources */ = {isa = PBXBuildFile; fileRef = BA3C4BCB2AC090E9002B7FD4 /* Feature.swift */; };
		BA3C4BCE2AC09222002B7FD4 /* NamesModel.swift in Sources */ = {isa = PBXBuildFile; fileRef = BA3C4BCD2AC09222002B7FD4 /* NamesModel.swift */; };
		BA3C4BD02AC0AD31002B7FD4 /* GlobalConstants.swift in Sources */ = {isa = PBXBuildFile; fileRef = BA3C4BCF2AC0AD31002B7FD4 /* GlobalConstants.swift */; };
		BAA22A1C2AC076A900E85100 /* Views + extension.swift in Sources */ = {isa = PBXBuildFile; fileRef = BAA22A1B2AC076A900E85100 /* Views + extension.swift */; };
		BAD836A62AC06F7A006F6446 /* AppDelegate.swift in Sources */ = {isa = PBXBuildFile; fileRef = BAD836A52AC06F7A006F6446 /* AppDelegate.swift */; };
		BAD836A82AC06F7A006F6446 /* SceneDelegate.swift in Sources */ = {isa = PBXBuildFile; fileRef = BAD836A72AC06F7A006F6446 /* SceneDelegate.swift */; };
		BAD836AF2AC06F7B006F6446 /* Assets.xcassets in Resources */ = {isa = PBXBuildFile; fileRef = BAD836AE2AC06F7B006F6446 /* Assets.xcassets */; };
		BAD836B22AC06F7B006F6446 /* LaunchScreen.storyboard in Resources */ = {isa = PBXBuildFile; fileRef = BAD836B02AC06F7B006F6446 /* LaunchScreen.storyboard */; };
		BAD836BD2AC06F7B006F6446 /* SenseyeFeatureFlagTests.swift in Sources */ = {isa = PBXBuildFile; fileRef = BAD836BC2AC06F7B006F6446 /* SenseyeFeatureFlagTests.swift */; };
		BAD836C72AC06F7B006F6446 /* SenseyeFeatureFlagUITests.swift in Sources */ = {isa = PBXBuildFile; fileRef = BAD836C62AC06F7B006F6446 /* SenseyeFeatureFlagUITests.swift */; };
		BAD836C92AC06F7B006F6446 /* SenseyeFeatureFlagUITestsLaunchTests.swift in Sources */ = {isa = PBXBuildFile; fileRef = BAD836C82AC06F7B006F6446 /* SenseyeFeatureFlagUITestsLaunchTests.swift */; };
		BAD836D62AC07036006F6446 /* RootControllerCoordinator.swift in Sources */ = {isa = PBXBuildFile; fileRef = BAD836D52AC07036006F6446 /* RootControllerCoordinator.swift */; };
		BAD836DD2AC070B0006F6446 /* HomeViewController.swift in Sources */ = {isa = PBXBuildFile; fileRef = BAD836DB2AC070B0006F6446 /* HomeViewController.swift */; };
		BAD836DE2AC070B0006F6446 /* HomeViewController.xib in Resources */ = {isa = PBXBuildFile; fileRef = BAD836DC2AC070B0006F6446 /* HomeViewController.xib */; };
		BAD836E22AC070F9006F6446 /* HomeControllerViewModel.swift in Sources */ = {isa = PBXBuildFile; fileRef = BAD836E12AC070F9006F6446 /* HomeControllerViewModel.swift */; };
/* End PBXBuildFile section */

/* Begin PBXContainerItemProxy section */
		BAD836B92AC06F7B006F6446 /* PBXContainerItemProxy */ = {
			isa = PBXContainerItemProxy;
			containerPortal = BAD8369A2AC06F7A006F6446 /* Project object */;
			proxyType = 1;
			remoteGlobalIDString = BAD836A12AC06F7A006F6446;
			remoteInfo = SenseyeFeatureFlag;
		};
		BAD836C32AC06F7B006F6446 /* PBXContainerItemProxy */ = {
			isa = PBXContainerItemProxy;
			containerPortal = BAD8369A2AC06F7A006F6446 /* Project object */;
			proxyType = 1;
			remoteGlobalIDString = BAD836A12AC06F7A006F6446;
			remoteInfo = SenseyeFeatureFlag;
		};
/* End PBXContainerItemProxy section */

/* Begin PBXFileReference section */
		BA3C4BCB2AC090E9002B7FD4 /* Feature.swift */ = {isa = PBXFileReference; lastKnownFileType = sourcecode.swift; path = Feature.swift; sourceTree = "<group>"; };
		BA3C4BCD2AC09222002B7FD4 /* NamesModel.swift */ = {isa = PBXFileReference; lastKnownFileType = sourcecode.swift; path = NamesModel.swift; sourceTree = "<group>"; };
		BA3C4BCF2AC0AD31002B7FD4 /* GlobalConstants.swift */ = {isa = PBXFileReference; lastKnownFileType = sourcecode.swift; path = GlobalConstants.swift; sourceTree = "<group>"; };
		BAA22A1B2AC076A900E85100 /* Views + extension.swift */ = {isa = PBXFileReference; lastKnownFileType = sourcecode.swift; path = "Views + extension.swift"; sourceTree = "<group>"; };
		BAD836A22AC06F7A006F6446 /* SenseyeFeatureFlag.app */ = {isa = PBXFileReference; explicitFileType = wrapper.application; includeInIndex = 0; path = SenseyeFeatureFlag.app; sourceTree = BUILT_PRODUCTS_DIR; };
		BAD836A52AC06F7A006F6446 /* AppDelegate.swift */ = {isa = PBXFileReference; lastKnownFileType = sourcecode.swift; path = AppDelegate.swift; sourceTree = "<group>"; };
		BAD836A72AC06F7A006F6446 /* SceneDelegate.swift */ = {isa = PBXFileReference; lastKnownFileType = sourcecode.swift; path = SceneDelegate.swift; sourceTree = "<group>"; };
		BAD836AE2AC06F7B006F6446 /* Assets.xcassets */ = {isa = PBXFileReference; lastKnownFileType = folder.assetcatalog; path = Assets.xcassets; sourceTree = "<group>"; };
		BAD836B12AC06F7B006F6446 /* Base */ = {isa = PBXFileReference; lastKnownFileType = file.storyboard; name = Base; path = Base.lproj/LaunchScreen.storyboard; sourceTree = "<group>"; };
		BAD836B32AC06F7B006F6446 /* Info.plist */ = {isa = PBXFileReference; lastKnownFileType = text.plist.xml; path = Info.plist; sourceTree = "<group>"; };
		BAD836B82AC06F7B006F6446 /* SenseyeFeatureFlagTests.xctest */ = {isa = PBXFileReference; explicitFileType = wrapper.cfbundle; includeInIndex = 0; path = SenseyeFeatureFlagTests.xctest; sourceTree = BUILT_PRODUCTS_DIR; };
		BAD836BC2AC06F7B006F6446 /* SenseyeFeatureFlagTests.swift */ = {isa = PBXFileReference; lastKnownFileType = sourcecode.swift; path = SenseyeFeatureFlagTests.swift; sourceTree = "<group>"; };
		BAD836C22AC06F7B006F6446 /* SenseyeFeatureFlagUITests.xctest */ = {isa = PBXFileReference; explicitFileType = wrapper.cfbundle; includeInIndex = 0; path = SenseyeFeatureFlagUITests.xctest; sourceTree = BUILT_PRODUCTS_DIR; };
		BAD836C62AC06F7B006F6446 /* SenseyeFeatureFlagUITests.swift */ = {isa = PBXFileReference; lastKnownFileType = sourcecode.swift; path = SenseyeFeatureFlagUITests.swift; sourceTree = "<group>"; };
		BAD836C82AC06F7B006F6446 /* SenseyeFeatureFlagUITestsLaunchTests.swift */ = {isa = PBXFileReference; lastKnownFileType = sourcecode.swift; path = SenseyeFeatureFlagUITestsLaunchTests.swift; sourceTree = "<group>"; };
		BAD836D52AC07036006F6446 /* RootControllerCoordinator.swift */ = {isa = PBXFileReference; lastKnownFileType = sourcecode.swift; path = RootControllerCoordinator.swift; sourceTree = "<group>"; };
		BAD836DB2AC070B0006F6446 /* HomeViewController.swift */ = {isa = PBXFileReference; lastKnownFileType = sourcecode.swift; path = HomeViewController.swift; sourceTree = "<group>"; };
		BAD836DC2AC070B0006F6446 /* HomeViewController.xib */ = {isa = PBXFileReference; lastKnownFileType = file.xib; path = HomeViewController.xib; sourceTree = "<group>"; };
		BAD836E12AC070F9006F6446 /* HomeControllerViewModel.swift */ = {isa = PBXFileReference; lastKnownFileType = sourcecode.swift; path = HomeControllerViewModel.swift; sourceTree = "<group>"; };
/* End PBXFileReference section */

/* Begin PBXFrameworksBuildPhase section */
		BAD8369F2AC06F7A006F6446 /* Frameworks */ = {
			isa = PBXFrameworksBuildPhase;
			buildActionMask = 2147483647;
			files = (
			);
			runOnlyForDeploymentPostprocessing = 0;
		};
		BAD836B52AC06F7B006F6446 /* Frameworks */ = {
			isa = PBXFrameworksBuildPhase;
			buildActionMask = 2147483647;
			files = (
			);
			runOnlyForDeploymentPostprocessing = 0;
		};
		BAD836BF2AC06F7B006F6446 /* Frameworks */ = {
			isa = PBXFrameworksBuildPhase;
			buildActionMask = 2147483647;
			files = (
			);
			runOnlyForDeploymentPostprocessing = 0;
		};
/* End PBXFrameworksBuildPhase section */

/* Begin PBXGroup section */
		BA3C4BCA2AC090C8002B7FD4 /* FeatureFlag */ = {
			isa = PBXGroup;
			children = (
				BA3C4BCB2AC090E9002B7FD4 /* Feature.swift */,
				BA3C4BCD2AC09222002B7FD4 /* NamesModel.swift */,
			);
			path = FeatureFlag;
			sourceTree = "<group>";
		};
		BAD836992AC06F7A006F6446 = {
			isa = PBXGroup;
			children = (
				BAD836A42AC06F7A006F6446 /* SenseyeFeatureFlag */,
				BAD836BB2AC06F7B006F6446 /* SenseyeFeatureFlagTests */,
				BAD836C52AC06F7B006F6446 /* SenseyeFeatureFlagUITests */,
				BAD836A32AC06F7A006F6446 /* Products */,
			);
			sourceTree = "<group>";
		};
		BAD836A32AC06F7A006F6446 /* Products */ = {
			isa = PBXGroup;
			children = (
				BAD836A22AC06F7A006F6446 /* SenseyeFeatureFlag.app */,
				BAD836B82AC06F7B006F6446 /* SenseyeFeatureFlagTests.xctest */,
				BAD836C22AC06F7B006F6446 /* SenseyeFeatureFlagUITests.xctest */,
			);
			name = Products;
			sourceTree = "<group>";
		};
		BAD836A42AC06F7A006F6446 /* SenseyeFeatureFlag */ = {
			isa = PBXGroup;
			children = (
				BA3C4BCA2AC090C8002B7FD4 /* FeatureFlag */,
				BAD836D82AC07078006F6446 /* HomeViewController */,
				BAD836D72AC0706C006F6446 /* Utils */,
				BAD836A52AC06F7A006F6446 /* AppDelegate.swift */,
				BAD836A72AC06F7A006F6446 /* SceneDelegate.swift */,
				BAD836AE2AC06F7B006F6446 /* Assets.xcassets */,
				BAD836B02AC06F7B006F6446 /* LaunchScreen.storyboard */,
				BAD836B32AC06F7B006F6446 /* Info.plist */,
			);
			path = SenseyeFeatureFlag;
			sourceTree = "<group>";
		};
		BAD836BB2AC06F7B006F6446 /* SenseyeFeatureFlagTests */ = {
			isa = PBXGroup;
			children = (
				BAD836BC2AC06F7B006F6446 /* SenseyeFeatureFlagTests.swift */,
			);
			path = SenseyeFeatureFlagTests;
			sourceTree = "<group>";
		};
		BAD836C52AC06F7B006F6446 /* SenseyeFeatureFlagUITests */ = {
			isa = PBXGroup;
			children = (
				BAD836C62AC06F7B006F6446 /* SenseyeFeatureFlagUITests.swift */,
				BAD836C82AC06F7B006F6446 /* SenseyeFeatureFlagUITestsLaunchTests.swift */,
			);
			path = SenseyeFeatureFlagUITests;
			sourceTree = "<group>";
		};
		BAD836D72AC0706C006F6446 /* Utils */ = {
			isa = PBXGroup;
			children = (
				BAD836D52AC07036006F6446 /* RootControllerCoordinator.swift */,
				BAA22A1B2AC076A900E85100 /* Views + extension.swift */,
				BA3C4BCF2AC0AD31002B7FD4 /* GlobalConstants.swift */,
			);
			path = Utils;
			sourceTree = "<group>";
		};
		BAD836D82AC07078006F6446 /* HomeViewController */ = {
			isa = PBXGroup;
			children = (
				BAD836E02AC070E3006F6446 /* viewModel */,
				BAD836DF2AC070D2006F6446 /* controller */,
			);
			path = HomeViewController;
			sourceTree = "<group>";
		};
		BAD836DF2AC070D2006F6446 /* controller */ = {
			isa = PBXGroup;
			children = (
				BAD836DB2AC070B0006F6446 /* HomeViewController.swift */,
				BAD836DC2AC070B0006F6446 /* HomeViewController.xib */,
			);
			path = controller;
			sourceTree = "<group>";
		};
		BAD836E02AC070E3006F6446 /* viewModel */ = {
			isa = PBXGroup;
			children = (
				BAD836E12AC070F9006F6446 /* HomeControllerViewModel.swift */,
			);
			path = viewModel;
			sourceTree = "<group>";
		};
/* End PBXGroup section */

/* Begin PBXNativeTarget section */
		BAD836A12AC06F7A006F6446 /* SenseyeFeatureFlag */ = {
			isa = PBXNativeTarget;
			buildConfigurationList = BAD836CC2AC06F7B006F6446 /* Build configuration list for PBXNativeTarget "SenseyeFeatureFlag" */;
			buildPhases = (
				BAD8369E2AC06F7A006F6446 /* Sources */,
				BAD8369F2AC06F7A006F6446 /* Frameworks */,
				BAD836A02AC06F7A006F6446 /* Resources */,
			);
			buildRules = (
			);
			dependencies = (
			);
			name = SenseyeFeatureFlag;
			productName = SenseyeFeatureFlag;
			productReference = BAD836A22AC06F7A006F6446 /* SenseyeFeatureFlag.app */;
			productType = "com.apple.product-type.application";
		};
		BAD836B72AC06F7B006F6446 /* SenseyeFeatureFlagTests */ = {
			isa = PBXNativeTarget;
			buildConfigurationList = BAD836CF2AC06F7B006F6446 /* Build configuration list for PBXNativeTarget "SenseyeFeatureFlagTests" */;
			buildPhases = (
				BAD836B42AC06F7B006F6446 /* Sources */,
				BAD836B52AC06F7B006F6446 /* Frameworks */,
				BAD836B62AC06F7B006F6446 /* Resources */,
			);
			buildRules = (
			);
			dependencies = (
				BAD836BA2AC06F7B006F6446 /* PBXTargetDependency */,
			);
			name = SenseyeFeatureFlagTests;
			productName = SenseyeFeatureFlagTests;
			productReference = BAD836B82AC06F7B006F6446 /* SenseyeFeatureFlagTests.xctest */;
			productType = "com.apple.product-type.bundle.unit-test";
		};
		BAD836C12AC06F7B006F6446 /* SenseyeFeatureFlagUITests */ = {
			isa = PBXNativeTarget;
			buildConfigurationList = BAD836D22AC06F7B006F6446 /* Build configuration list for PBXNativeTarget "SenseyeFeatureFlagUITests" */;
			buildPhases = (
				BAD836BE2AC06F7B006F6446 /* Sources */,
				BAD836BF2AC06F7B006F6446 /* Frameworks */,
				BAD836C02AC06F7B006F6446 /* Resources */,
			);
			buildRules = (
			);
			dependencies = (
				BAD836C42AC06F7B006F6446 /* PBXTargetDependency */,
			);
			name = SenseyeFeatureFlagUITests;
			productName = SenseyeFeatureFlagUITests;
			productReference = BAD836C22AC06F7B006F6446 /* SenseyeFeatureFlagUITests.xctest */;
			productType = "com.apple.product-type.bundle.ui-testing";
		};
/* End PBXNativeTarget section */

/* Begin PBXProject section */
		BAD8369A2AC06F7A006F6446 /* Project object */ = {
			isa = PBXProject;
			attributes = {
				BuildIndependentTargetsInParallel = 1;
				LastSwiftUpdateCheck = 1430;
				LastUpgradeCheck = 1430;
				TargetAttributes = {
					BAD836A12AC06F7A006F6446 = {
						CreatedOnToolsVersion = 14.3.1;
					};
					BAD836B72AC06F7B006F6446 = {
						CreatedOnToolsVersion = 14.3.1;
						TestTargetID = BAD836A12AC06F7A006F6446;
					};
					BAD836C12AC06F7B006F6446 = {
						CreatedOnToolsVersion = 14.3.1;
						TestTargetID = BAD836A12AC06F7A006F6446;
					};
				};
			};
			buildConfigurationList = BAD8369D2AC06F7A006F6446 /* Build configuration list for PBXProject "SenseyeFeatureFlag" */;
			compatibilityVersion = "Xcode 14.0";
			developmentRegion = en;
			hasScannedForEncodings = 0;
			knownRegions = (
				en,
				Base,
			);
			mainGroup = BAD836992AC06F7A006F6446;
			productRefGroup = BAD836A32AC06F7A006F6446 /* Products */;
			projectDirPath = "";
			projectRoot = "";
			targets = (
				BAD836A12AC06F7A006F6446 /* SenseyeFeatureFlag */,
				BAD836B72AC06F7B006F6446 /* SenseyeFeatureFlagTests */,
				BAD836C12AC06F7B006F6446 /* SenseyeFeatureFlagUITests */,
			);
		};
/* End PBXProject section */

/* Begin PBXResourcesBuildPhase section */
		BAD836A02AC06F7A006F6446 /* Resources */ = {
			isa = PBXResourcesBuildPhase;
			buildActionMask = 2147483647;
			files = (
				BAD836B22AC06F7B006F6446 /* LaunchScreen.storyboard in Resources */,
				BAD836AF2AC06F7B006F6446 /* Assets.xcassets in Resources */,
				BAD836DE2AC070B0006F6446 /* HomeViewController.xib in Resources */,
			);
			runOnlyForDeploymentPostprocessing = 0;
		};
		BAD836B62AC06F7B006F6446 /* Resources */ = {
			isa = PBXResourcesBuildPhase;
			buildActionMask = 2147483647;
			files = (
			);
			runOnlyForDeploymentPostprocessing = 0;
		};
		BAD836C02AC06F7B006F6446 /* Resources */ = {
			isa = PBXResourcesBuildPhase;
			buildActionMask = 2147483647;
			files = (
			);
			runOnlyForDeploymentPostprocessing = 0;
		};
/* End PBXResourcesBuildPhase section */

/* Begin PBXSourcesBuildPhase section */
		BAD8369E2AC06F7A006F6446 /* Sources */ = {
			isa = PBXSourcesBuildPhase;
			buildActionMask = 2147483647;
			files = (
				BA3C4BCE2AC09222002B7FD4 /* NamesModel.swift in Sources */,
				BA3C4BD02AC0AD31002B7FD4 /* GlobalConstants.swift in Sources */,
				BAD836A62AC06F7A006F6446 /* AppDelegate.swift in Sources */,
				BA3C4BCC2AC090E9002B7FD4 /* Feature.swift in Sources */,
				BAD836D62AC07036006F6446 /* RootControllerCoordinator.swift in Sources */,
				BAA22A1C2AC076A900E85100 /* Views + extension.swift in Sources */,
				BAD836A82AC06F7A006F6446 /* SceneDelegate.swift in Sources */,
				BAD836DD2AC070B0006F6446 /* HomeViewController.swift in Sources */,
				BAD836E22AC070F9006F6446 /* HomeControllerViewModel.swift in Sources */,
			);
			runOnlyForDeploymentPostprocessing = 0;
		};
		BAD836B42AC06F7B006F6446 /* Sources */ = {
			isa = PBXSourcesBuildPhase;
			buildActionMask = 2147483647;
			files = (
				BAD836BD2AC06F7B006F6446 /* SenseyeFeatureFlagTests.swift in Sources */,
			);
			runOnlyForDeploymentPostprocessing = 0;
		};
		BAD836BE2AC06F7B006F6446 /* Sources */ = {
			isa = PBXSourcesBuildPhase;
			buildActionMask = 2147483647;
			files = (
				BAD836C92AC06F7B006F6446 /* SenseyeFeatureFlagUITestsLaunchTests.swift in Sources */,
				BAD836C72AC06F7B006F6446 /* SenseyeFeatureFlagUITests.swift in Sources */,
			);
			runOnlyForDeploymentPostprocessing = 0;
		};
/* End PBXSourcesBuildPhase section */

/* Begin PBXTargetDependency section */
		BAD836BA2AC06F7B006F6446 /* PBXTargetDependency */ = {
			isa = PBXTargetDependency;
			target = BAD836A12AC06F7A006F6446 /* SenseyeFeatureFlag */;
			targetProxy = BAD836B92AC06F7B006F6446 /* PBXContainerItemProxy */;
		};
		BAD836C42AC06F7B006F6446 /* PBXTargetDependency */ = {
			isa = PBXTargetDependency;
			target = BAD836A12AC06F7A006F6446 /* SenseyeFeatureFlag */;
			targetProxy = BAD836C32AC06F7B006F6446 /* PBXContainerItemProxy */;
		};
/* End PBXTargetDependency section */

/* Begin PBXVariantGroup section */
		BAD836B02AC06F7B006F6446 /* LaunchScreen.storyboard */ = {
			isa = PBXVariantGroup;
			children = (
				BAD836B12AC06F7B006F6446 /* Base */,
			);
			name = LaunchScreen.storyboard;
			sourceTree = "<group>";
		};
/* End PBXVariantGroup section */

/* Begin XCBuildConfiguration section */
		BAD836CA2AC06F7B006F6446 /* Debug */ = {
			isa = XCBuildConfiguration;
			buildSettings = {
				ALWAYS_SEARCH_USER_PATHS = NO;
				CLANG_ANALYZER_NONNULL = YES;
				CLANG_ANALYZER_NUMBER_OBJECT_CONVERSION = YES_AGGRESSIVE;
				CLANG_CXX_LANGUAGE_STANDARD = "gnu++20";
				CLANG_ENABLE_MODULES = YES;
				CLANG_ENABLE_OBJC_ARC = YES;
				CLANG_ENABLE_OBJC_WEAK = YES;
				CLANG_WARN_BLOCK_CAPTURE_AUTORELEASING = YES;
				CLANG_WARN_BOOL_CONVERSION = YES;
				CLANG_WARN_COMMA = YES;
				CLANG_WARN_CONSTANT_CONVERSION = YES;
				CLANG_WARN_DEPRECATED_OBJC_IMPLEMENTATIONS = YES;
				CLANG_WARN_DIRECT_OBJC_ISA_USAGE = YES_ERROR;
				CLANG_WARN_DOCUMENTATION_COMMENTS = YES;
				CLANG_WARN_EMPTY_BODY = YES;
				CLANG_WARN_ENUM_CONVERSION = YES;
				CLANG_WARN_INFINITE_RECURSION = YES;
				CLANG_WARN_INT_CONVERSION = YES;
				CLANG_WARN_NON_LITERAL_NULL_CONVERSION = YES;
				CLANG_WARN_OBJC_IMPLICIT_RETAIN_SELF = YES;
				CLANG_WARN_OBJC_LITERAL_CONVERSION = YES;
				CLANG_WARN_OBJC_ROOT_CLASS = YES_ERROR;
				CLANG_WARN_QUOTED_INCLUDE_IN_FRAMEWORK_HEADER = YES;
				CLANG_WARN_RANGE_LOOP_ANALYSIS = YES;
				CLANG_WARN_STRICT_PROTOTYPES = YES;
				CLANG_WARN_SUSPICIOUS_MOVE = YES;
				CLANG_WARN_UNGUARDED_AVAILABILITY = YES_AGGRESSIVE;
				CLANG_WARN_UNREACHABLE_CODE = YES;
				CLANG_WARN__DUPLICATE_METHOD_MATCH = YES;
				COPY_PHASE_STRIP = NO;
				DEBUG_INFORMATION_FORMAT = dwarf;
				ENABLE_STRICT_OBJC_MSGSEND = YES;
				ENABLE_TESTABILITY = YES;
				GCC_C_LANGUAGE_STANDARD = gnu11;
				GCC_DYNAMIC_NO_PIC = NO;
				GCC_NO_COMMON_BLOCKS = YES;
				GCC_OPTIMIZATION_LEVEL = 0;
				GCC_PREPROCESSOR_DEFINITIONS = (
					"DEBUG=1",
					"$(inherited)",
				);
				GCC_WARN_64_TO_32_BIT_CONVERSION = YES;
				GCC_WARN_ABOUT_RETURN_TYPE = YES_ERROR;
				GCC_WARN_UNDECLARED_SELECTOR = YES;
				GCC_WARN_UNINITIALIZED_AUTOS = YES_AGGRESSIVE;
				GCC_WARN_UNUSED_FUNCTION = YES;
				GCC_WARN_UNUSED_VARIABLE = YES;
				IPHONEOS_DEPLOYMENT_TARGET = 16.4;
				MTL_ENABLE_DEBUG_INFO = INCLUDE_SOURCE;
				MTL_FAST_MATH = YES;
				ONLY_ACTIVE_ARCH = YES;
				SDKROOT = iphoneos;
				SWIFT_ACTIVE_COMPILATION_CONDITIONS = DEBUG;
				SWIFT_OPTIMIZATION_LEVEL = "-Onone";
			};
			name = Debug;
		};
		BAD836CB2AC06F7B006F6446 /* Release */ = {
			isa = XCBuildConfiguration;
			buildSettings = {
				ALWAYS_SEARCH_USER_PATHS = NO;
				CLANG_ANALYZER_NONNULL = YES;
				CLANG_ANALYZER_NUMBER_OBJECT_CONVERSION = YES_AGGRESSIVE;
				CLANG_CXX_LANGUAGE_STANDARD = "gnu++20";
				CLANG_ENABLE_MODULES = YES;
				CLANG_ENABLE_OBJC_ARC = YES;
				CLANG_ENABLE_OBJC_WEAK = YES;
				CLANG_WARN_BLOCK_CAPTURE_AUTORELEASING = YES;
				CLANG_WARN_BOOL_CONVERSION = YES;
				CLANG_WARN_COMMA = YES;
				CLANG_WARN_CONSTANT_CONVERSION = YES;
				CLANG_WARN_DEPRECATED_OBJC_IMPLEMENTATIONS = YES;
				CLANG_WARN_DIRECT_OBJC_ISA_USAGE = YES_ERROR;
				CLANG_WARN_DOCUMENTATION_COMMENTS = YES;
				CLANG_WARN_EMPTY_BODY = YES;
				CLANG_WARN_ENUM_CONVERSION = YES;
				CLANG_WARN_INFINITE_RECURSION = YES;
				CLANG_WARN_INT_CONVERSION = YES;
				CLANG_WARN_NON_LITERAL_NULL_CONVERSION = YES;
				CLANG_WARN_OBJC_IMPLICIT_RETAIN_SELF = YES;
				CLANG_WARN_OBJC_LITERAL_CONVERSION = YES;
				CLANG_WARN_OBJC_ROOT_CLASS = YES_ERROR;
				CLANG_WARN_QUOTED_INCLUDE_IN_FRAMEWORK_HEADER = YES;
				CLANG_WARN_RANGE_LOOP_ANALYSIS = YES;
				CLANG_WARN_STRICT_PROTOTYPES = YES;
				CLANG_WARN_SUSPICIOUS_MOVE = YES;
				CLANG_WARN_UNGUARDED_AVAILABILITY = YES_AGGRESSIVE;
				CLANG_WARN_UNREACHABLE_CODE = YES;
				CLANG_WARN__DUPLICATE_METHOD_MATCH = YES;
				COPY_PHASE_STRIP = NO;
				DEBUG_INFORMATION_FORMAT = "dwarf-with-dsym";
				ENABLE_NS_ASSERTIONS = NO;
				ENABLE_STRICT_OBJC_MSGSEND = YES;
				GCC_C_LANGUAGE_STANDARD = gnu11;
				GCC_NO_COMMON_BLOCKS = YES;
				GCC_WARN_64_TO_32_BIT_CONVERSION = YES;
				GCC_WARN_ABOUT_RETURN_TYPE = YES_ERROR;
				GCC_WARN_UNDECLARED_SELECTOR = YES;
				GCC_WARN_UNINITIALIZED_AUTOS = YES_AGGRESSIVE;
				GCC_WARN_UNUSED_FUNCTION = YES;
				GCC_WARN_UNUSED_VARIABLE = YES;
				IPHONEOS_DEPLOYMENT_TARGET = 16.4;
				MTL_ENABLE_DEBUG_INFO = NO;
				MTL_FAST_MATH = YES;
				SDKROOT = iphoneos;
				SWIFT_COMPILATION_MODE = wholemodule;
				SWIFT_OPTIMIZATION_LEVEL = "-O";
				VALIDATE_PRODUCT = YES;
			};
			name = Release;
		};
		BAD836CD2AC06F7B006F6446 /* Debug */ = {
			isa = XCBuildConfiguration;
			buildSettings = {
				ASSETCATALOG_COMPILER_APPICON_NAME = AppIcon;
				ASSETCATALOG_COMPILER_GLOBAL_ACCENT_COLOR_NAME = AccentColor;
				CODE_SIGN_STYLE = Automatic;
				CURRENT_PROJECT_VERSION = 1;
				GENERATE_INFOPLIST_FILE = YES;
				INFOPLIST_FILE = SenseyeFeatureFlag/Info.plist;
				INFOPLIST_KEY_UIApplicationSupportsIndirectInputEvents = YES;
				INFOPLIST_KEY_UILaunchStoryboardName = LaunchScreen;
				INFOPLIST_KEY_UISupportedInterfaceOrientations_iPad = "UIInterfaceOrientationPortrait UIInterfaceOrientationPortraitUpsideDown UIInterfaceOrientationLandscapeLeft UIInterfaceOrientationLandscapeRight";
				INFOPLIST_KEY_UISupportedInterfaceOrientations_iPhone = "UIInterfaceOrientationPortrait UIInterfaceOrientationLandscapeLeft UIInterfaceOrientationLandscapeRight";
				LD_RUNPATH_SEARCH_PATHS = (
					"$(inherited)",
					"@executable_path/Frameworks",
				);
				MARKETING_VERSION = 1.0;
				PRODUCT_BUNDLE_IDENTIFIER = com.assignment.SenseyeFeatureFlag.SenseyeFeatureFlag;
				PRODUCT_NAME = "$(TARGET_NAME)";
				SUPPORTED_PLATFORMS = "iphoneos iphonesimulator";
				SUPPORTS_MACCATALYST = NO;
				SUPPORTS_MAC_DESIGNED_FOR_IPHONE_IPAD = NO;
				SWIFT_EMIT_LOC_STRINGS = YES;
				SWIFT_VERSION = 5.0;
				TARGETED_DEVICE_FAMILY = 1;
			};
			name = Debug;
		};
		BAD836CE2AC06F7B006F6446 /* Release */ = {
			isa = XCBuildConfiguration;
			buildSettings = {
				ASSETCATALOG_COMPILER_APPICON_NAME = AppIcon;
				ASSETCATALOG_COMPILER_GLOBAL_ACCENT_COLOR_NAME = AccentColor;
				CODE_SIGN_STYLE = Automatic;
				CURRENT_PROJECT_VERSION = 1;
				GENERATE_INFOPLIST_FILE = YES;
				INFOPLIST_FILE = SenseyeFeatureFlag/Info.plist;
				INFOPLIST_KEY_UIApplicationSupportsIndirectInputEvents = YES;
				INFOPLIST_KEY_UILaunchStoryboardName = LaunchScreen;
				INFOPLIST_KEY_UISupportedInterfaceOrientations_iPad = "UIInterfaceOrientationPortrait UIInterfaceOrientationPortraitUpsideDown UIInterfaceOrientationLandscapeLeft UIInterfaceOrientationLandscapeRight";
				INFOPLIST_KEY_UISupportedInterfaceOrientations_iPhone = "UIInterfaceOrientationPortrait UIInterfaceOrientationLandscapeLeft UIInterfaceOrientationLandscapeRight";
				LD_RUNPATH_SEARCH_PATHS = (
					"$(inherited)",
					"@executable_path/Frameworks",
				);
				MARKETING_VERSION = 1.0;
				PRODUCT_BUNDLE_IDENTIFIER = com.assignment.SenseyeFeatureFlag.SenseyeFeatureFlag;
				PRODUCT_NAME = "$(TARGET_NAME)";
				SUPPORTED_PLATFORMS = "iphoneos iphonesimulator";
				SUPPORTS_MACCATALYST = NO;
				SUPPORTS_MAC_DESIGNED_FOR_IPHONE_IPAD = NO;
				SWIFT_EMIT_LOC_STRINGS = YES;
				SWIFT_VERSION = 5.0;
				TARGETED_DEVICE_FAMILY = 1;
			};
			name = Release;
		};
		BAD836D02AC06F7B006F6446 /* Debug */ = {
			isa = XCBuildConfiguration;
			buildSettings = {
				ALWAYS_EMBED_SWIFT_STANDARD_LIBRARIES = YES;
				BUNDLE_LOADER = "$(TEST_HOST)";
				CODE_SIGN_STYLE = Automatic;
				CURRENT_PROJECT_VERSION = 1;
				GENERATE_INFOPLIST_FILE = YES;
				IPHONEOS_DEPLOYMENT_TARGET = 16.4;
				MARKETING_VERSION = 1.0;
				PRODUCT_BUNDLE_IDENTIFIER = com.assignment.SenseyeFeatureFlag.SenseyeFeatureFlagTests;
				PRODUCT_NAME = "$(TARGET_NAME)";
				SWIFT_EMIT_LOC_STRINGS = NO;
				SWIFT_VERSION = 5.0;
				TARGETED_DEVICE_FAMILY = "1,2";
				TEST_HOST = "$(BUILT_PRODUCTS_DIR)/SenseyeFeatureFlag.app/$(BUNDLE_EXECUTABLE_FOLDER_PATH)/SenseyeFeatureFlag";
			};
			name = Debug;
		};
		BAD836D12AC06F7B006F6446 /* Release */ = {
			isa = XCBuildConfiguration;
			buildSettings = {
				ALWAYS_EMBED_SWIFT_STANDARD_LIBRARIES = YES;
				BUNDLE_LOADER = "$(TEST_HOST)";
				CODE_SIGN_STYLE = Automatic;
				CURRENT_PROJECT_VERSION = 1;
				GENERATE_INFOPLIST_FILE = YES;
				IPHONEOS_DEPLOYMENT_TARGET = 16.4;
				MARKETING_VERSION = 1.0;
				PRODUCT_BUNDLE_IDENTIFIER = com.assignment.SenseyeFeatureFlag.SenseyeFeatureFlagTests;
				PRODUCT_NAME = "$(TARGET_NAME)";
				SWIFT_EMIT_LOC_STRINGS = NO;
				SWIFT_VERSION = 5.0;
				TARGETED_DEVICE_FAMILY = "1,2";
				TEST_HOST = "$(BUILT_PRODUCTS_DIR)/SenseyeFeatureFlag.app/$(BUNDLE_EXECUTABLE_FOLDER_PATH)/SenseyeFeatureFlag";
			};
			name = Release;
		};
		BAD836D32AC06F7B006F6446 /* Debug */ = {
			isa = XCBuildConfiguration;
			buildSettings = {
				ALWAYS_EMBED_SWIFT_STANDARD_LIBRARIES = YES;
				CODE_SIGN_STYLE = Automatic;
				CURRENT_PROJECT_VERSION = 1;
				GENERATE_INFOPLIST_FILE = YES;
				MARKETING_VERSION = 1.0;
				PRODUCT_BUNDLE_IDENTIFIER = com.assignment.SenseyeFeatureFlag.SenseyeFeatureFlagUITests;
				PRODUCT_NAME = "$(TARGET_NAME)";
				SWIFT_EMIT_LOC_STRINGS = NO;
				SWIFT_VERSION = 5.0;
				TARGETED_DEVICE_FAMILY = "1,2";
				TEST_TARGET_NAME = SenseyeFeatureFlag;
			};
			name = Debug;
		};
		BAD836D42AC06F7B006F6446 /* Release */ = {
			isa = XCBuildConfiguration;
			buildSettings = {
				ALWAYS_EMBED_SWIFT_STANDARD_LIBRARIES = YES;
				CODE_SIGN_STYLE = Automatic;
				CURRENT_PROJECT_VERSION = 1;
				GENERATE_INFOPLIST_FILE = YES;
				MARKETING_VERSION = 1.0;
				PRODUCT_BUNDLE_IDENTIFIER = com.assignment.SenseyeFeatureFlag.SenseyeFeatureFlagUITests;
				PRODUCT_NAME = "$(TARGET_NAME)";
				SWIFT_EMIT_LOC_STRINGS = NO;
				SWIFT_VERSION = 5.0;
				TARGETED_DEVICE_FAMILY = "1,2";
				TEST_TARGET_NAME = SenseyeFeatureFlag;
			};
			name = Release;
		};
/* End XCBuildConfiguration section */

/* Begin XCConfigurationList section */
		BAD8369D2AC06F7A006F6446 /* Build configuration list for PBXProject "SenseyeFeatureFlag" */ = {
			isa = XCConfigurationList;
			buildConfigurations = (
				BAD836CA2AC06F7B006F6446 /* Debug */,
				BAD836CB2AC06F7B006F6446 /* Release */,
			);
			defaultConfigurationIsVisible = 0;
			defaultConfigurationName = Release;
		};
		BAD836CC2AC06F7B006F6446 /* Build configuration list for PBXNativeTarget "SenseyeFeatureFlag" */ = {
			isa = XCConfigurationList;
			buildConfigurations = (
				BAD836CD2AC06F7B006F6446 /* Debug */,
				BAD836CE2AC06F7B006F6446 /* Release */,
			);
			defaultConfigurationIsVisible = 0;
			defaultConfigurationName = Release;
		};
		BAD836CF2AC06F7B006F6446 /* Build configuration list for PBXNativeTarget "SenseyeFeatureFlagTests" */ = {
			isa = XCConfigurationList;
			buildConfigurations = (
				BAD836D02AC06F7B006F6446 /* Debug */,
				BAD836D12AC06F7B006F6446 /* Release */,
			);
			defaultConfigurationIsVisible = 0;
			defaultConfigurationName = Release;
		};
		BAD836D22AC06F7B006F6446 /* Build configuration list for PBXNativeTarget "SenseyeFeatureFlagUITests" */ = {
			isa = XCConfigurationList;
			buildConfigurations = (
				BAD836D32AC06F7B006F6446 /* Debug */,
				BAD836D42AC06F7B006F6446 /* Release */,
			);
			defaultConfigurationIsVisible = 0;
			defaultConfigurationName = Release;
		};
/* End XCConfigurationList section */
	};
	rootObject = BAD8369A2AC06F7A006F6446 /* Project object */;
}
